PODS:
  - Alamofire (4.4.0)
  - Alamofire-Gloss (2.0.0):
    - Alamofire-Gloss/Core (= 2.0.0)
  - Alamofire-Gloss/Core (2.0.0):
    - Alamofire (~> 4.0)
    - Gloss (~> 1.0)
  - Gifu (2.0.0)
  - Gloss (1.2.4)
  - ReactorKit (0.2.0):
    - RxSwift (>= 3.0.0)
  - RxCocoa (3.4.0):
    - RxSwift (~> 3.4)
  - RxDataSources (1.0.3):
    - RxCocoa (~> 3.0)
    - RxSwift (~> 3.0)
  - RxGesture (1.0.1):
    - RxCocoa (~> 3.4)
    - RxSwift (~> 3.4)
  - RxOptional (3.1.3):
    - RxCocoa
    - RxSwift
  - RxSwift (3.4.0)

DEPENDENCIES:
  - Alamofire (~> 4.4)
  - Alamofire-Gloss
  - Gifu
  - Gloss (~> 1.2)
  - ReactorKit
  - RxCocoa (~> 3.1)
  - RxDataSources (~> 1.0)
  - RxGesture
  - RxOptional (~> 3.1)
  - RxSwift (~> 3.1)

SPEC CHECKSUMS:
  Alamofire: dc44b1600b800eb63da6a19039a0083d62a6a62d
  Alamofire-Gloss: dea192a13e23d323415e80e9b18d53915fd484bf
  Gifu: 56a4d8f1092399159fa32662aa2232158b48d8ac
  Gloss: 4e036074610fdb993abcb958ebcd7332588e2333
  ReactorKit: e9a57be0441a28878c418f5fea0f8f2587570563
  RxCocoa: d14ef6b6029e1ddc6e966508c09289090de68ff9
  RxDataSources: a021a0e944ba5f7991259829d973afdbfa719c0b
  RxGesture: 1f770b247c69e8133fb8f4ef263571efd0ae91a1
  RxOptional: b97b59183af80d1e729ac9e51d09a10be668d6a8
  RxSwift: 3789a1af753002a14edecdb698a2424624296a9c

PODFILE CHECKSUM: df0eaff7b7198518c784afe213650663f59f5387

COCOAPODS: 1.2.1
