// !$*UTF8*$!
{
	archiveVersion = 1;
	classes = {
	};
	objectVersion = 46;
	objects = {

/* Begin PBXBuildFile section */
		5B1645F81EAB89400090A2D3 /* AppDelegate.swift in Sources */ = {isa = PBXBuildFile; fileRef = 5B1645F71EAB89400090A2D3 /* AppDelegate.swift */; };
		5B1646001EAB89400090A2D3 /* GifTV.xcdatamodeld in Sources */ = {isa = PBXBuildFile; fileRef = 5B1645FE1EAB89400090A2D3 /* GifTV.xcdatamodeld */; };
		5B1646021EAB89400090A2D3 /* Assets.xcassets in Resources */ = {isa = PBXBuildFile; fileRef = 5B1646011EAB89400090A2D3 /* Assets.xcassets */; };
		5B1646051EAB89400090A2D3 /* LaunchScreen.storyboard in Resources */ = {isa = PBXBuildFile; fileRef = 5B1646031EAB89400090A2D3 /* LaunchScreen.storyboard */; };
		5B16460F1EAB8F500090A2D3 /* BaseViewController.swift in Sources */ = {isa = PBXBuildFile; fileRef = 5B16460E1EAB8F500090A2D3 /* BaseViewController.swift */; };
		5B1646121EAB91760090A2D3 /* BaseService.swift in Sources */ = {isa = PBXBuildFile; fileRef = 5B1646111EAB91760090A2D3 /* BaseService.swift */; };
		5B1646151EAB91E50090A2D3 /* ServiceProvider.swift in Sources */ = {isa = PBXBuildFile; fileRef = 5B1646141EAB91E50090A2D3 /* ServiceProvider.swift */; };
		5B16461C1EAB97530090A2D3 /* CategoriesService.swift in Sources */ = {isa = PBXBuildFile; fileRef = 5B16461B1EAB97530090A2D3 /* CategoriesService.swift */; };
		5B16461E1EAB97C30090A2D3 /* Category.swift in Sources */ = {isa = PBXBuildFile; fileRef = 5B16461D1EAB97C30090A2D3 /* Category.swift */; };
		5B1646211EAB9C320090A2D3 /* SelectCategoryViewController.swift in Sources */ = {isa = PBXBuildFile; fileRef = 5B1646201EAB9C320090A2D3 /* SelectCategoryViewController.swift */; };
		5B1646231EAB9C490090A2D3 /* SelectCategoryReactor.swift in Sources */ = {isa = PBXBuildFile; fileRef = 5B1646221EAB9C490090A2D3 /* SelectCategoryReactor.swift */; };
		5B1646271EAB9F1D0090A2D3 /* BaseReactor.swift in Sources */ = {isa = PBXBuildFile; fileRef = 5B1646261EAB9F1D0090A2D3 /* BaseReactor.swift */; };
		5B16462A1EABCBD90090A2D3 /* Colors.swift in Sources */ = {isa = PBXBuildFile; fileRef = 5B1646291EABCBD90090A2D3 /* Colors.swift */; };
		5B16462C1EABCD610090A2D3 /* VT323.ttf in Resources */ = {isa = PBXBuildFile; fileRef = 5B16462B1EABCD610090A2D3 /* VT323.ttf */; };
		5B16462E1EABF9650090A2D3 /* SelectCategory.xib in Resources */ = {isa = PBXBuildFile; fileRef = 5B16462D1EABF9650090A2D3 /* SelectCategory.xib */; };
		5B1646311EABFEA00090A2D3 /* RxViewController.swift in Sources */ = {isa = PBXBuildFile; fileRef = 5B1646301EABFEA00090A2D3 /* RxViewController.swift */; };
		5B1646351EAC987A0090A2D3 /* SelectCategoryCell.xib in Resources */ = {isa = PBXBuildFile; fileRef = 5B1646341EAC987A0090A2D3 /* SelectCategoryCell.xib */; };
		5B1646381EAC99DF0090A2D3 /* SelectCategoryCell.swift in Sources */ = {isa = PBXBuildFile; fileRef = 5B1646371EAC99DF0090A2D3 /* SelectCategoryCell.swift */; };
		5B1D9F661EAFF8E500A9ACE9 /* GiphyService.swift in Sources */ = {isa = PBXBuildFile; fileRef = 5B1D9F651EAFF8E500A9ACE9 /* GiphyService.swift */; };
		5B1D9F691EAFFA8100A9ACE9 /* Gif.swift in Sources */ = {isa = PBXBuildFile; fileRef = 5B1D9F681EAFFA8100A9ACE9 /* Gif.swift */; };
		5B1D9F6B1EAFFD2A00A9ACE9 /* GifImages.swift in Sources */ = {isa = PBXBuildFile; fileRef = 5B1D9F6A1EAFFD2A00A9ACE9 /* GifImages.swift */; };
		5B1D9F6E1EAFFDA000A9ACE9 /* GifUrlImage.swift in Sources */ = {isa = PBXBuildFile; fileRef = 5B1D9F6D1EAFFDA000A9ACE9 /* GifUrlImage.swift */; };
		5B278A281EB207C30091EADD /* Alamofire.swift in Sources */ = {isa = PBXBuildFile; fileRef = 5B278A271EB207C30091EADD /* Alamofire.swift */; };
		5B278A2A1EB20A630091EADD /* GifData.swift in Sources */ = {isa = PBXBuildFile; fileRef = 5B278A291EB20A630091EADD /* GifData.swift */; };
		5B696F1F1EAD1A1B00F8D4D1 /* UIView.swift in Sources */ = {isa = PBXBuildFile; fileRef = 5B696F1E1EAD1A1B00F8D4D1 /* UIView.swift */; };
		5B6C8DAA1EBDC81A0044AEDF /* PopularViewController.swift in Sources */ = {isa = PBXBuildFile; fileRef = 5B6C8DA91EBDC81A0044AEDF /* PopularViewController.swift */; };
		5B6C8DAC1EBDC8240044AEDF /* PopularReactor.swift in Sources */ = {isa = PBXBuildFile; fileRef = 5B6C8DAB1EBDC8240044AEDF /* PopularReactor.swift */; };
		5B6C8DAF1EBDC8C60044AEDF /* PopularGifTrackCell.swift in Sources */ = {isa = PBXBuildFile; fileRef = 5B6C8DAE1EBDC8C60044AEDF /* PopularGifTrackCell.swift */; };
		5B6C8DB11EBDC9290044AEDF /* PopularCell.xib in Resources */ = {isa = PBXBuildFile; fileRef = 5B6C8DB01EBDC9290044AEDF /* PopularCell.xib */; };
		5B6C8DB31EBDC9E00044AEDF /* Popular.xib in Resources */ = {isa = PBXBuildFile; fileRef = 5B6C8DB21EBDC9E00044AEDF /* Popular.xib */; };
		5B6C8DB91EBDE9270044AEDF /* confusedtravolta.gif in Resources */ = {isa = PBXBuildFile; fileRef = 5B6C8DB81EBDE9270044AEDF /* confusedtravolta.gif */; };
		5B6C8DBC1EBDEC5F0044AEDF /* favorite.png in Resources */ = {isa = PBXBuildFile; fileRef = 5B6C8DBA1EBDEC5F0044AEDF /* favorite.png */; };
		5B6C8DBD1EBDEC5F0044AEDF /* not_favorite.png in Resources */ = {isa = PBXBuildFile; fileRef = 5B6C8DBB1EBDEC5F0044AEDF /* not_favorite.png */; };
		5B6C8DBF1EBDEF0E0044AEDF /* next.png in Resources */ = {isa = PBXBuildFile; fileRef = 5B6C8DBE1EBDEF0E0044AEDF /* next.png */; };
		5B6EADA61EB73DC1003F2BA0 /* HistoryReactor.swift in Sources */ = {isa = PBXBuildFile; fileRef = 5B6EADA51EB73DC1003F2BA0 /* HistoryReactor.swift */; };
		5B6EADA81EB73DCE003F2BA0 /* HistoryViewController.swift in Sources */ = {isa = PBXBuildFile; fileRef = 5B6EADA71EB73DCE003F2BA0 /* HistoryViewController.swift */; };
		5B6EADAB1EB74200003F2BA0 /* HistoryGifTrack.swift in Sources */ = {isa = PBXBuildFile; fileRef = 5B6EADAA1EB74200003F2BA0 /* HistoryGifTrack.swift */; };
		5B6EADAE1EB7454C003F2BA0 /* HistoryCell.xib in Resources */ = {isa = PBXBuildFile; fileRef = 5B6EADAD1EB7454C003F2BA0 /* HistoryCell.xib */; };
		5B6EADB21EB74939003F2BA0 /* History.xib in Resources */ = {isa = PBXBuildFile; fileRef = 5B6EADB11EB74939003F2BA0 /* History.xib */; };
		5B6EADB51EB74BE6003F2BA0 /* HistoryGifTrackCell.swift in Sources */ = {isa = PBXBuildFile; fileRef = 5B6EADB41EB74BE6003F2BA0 /* HistoryGifTrackCell.swift */; };
		5B6EADB81EB79E23003F2BA0 /* GifImageView.swift in Sources */ = {isa = PBXBuildFile; fileRef = 5B6EADB71EB79E23003F2BA0 /* GifImageView.swift */; };
		5B6EADBA1EB79F06003F2BA0 /* HistoryService.swift in Sources */ = {isa = PBXBuildFile; fileRef = 5B6EADB91EB79F06003F2BA0 /* HistoryService.swift */; };
		5B6EADBC1EB7BF3B003F2BA0 /* DownloadService.swift in Sources */ = {isa = PBXBuildFile; fileRef = 5B6EADBB1EB7BF3B003F2BA0 /* DownloadService.swift */; };
		5B8278161EBCA2CD00B9A98C /* PopularService.swift in Sources */ = {isa = PBXBuildFile; fileRef = 5B8278151EBCA2CD00B9A98C /* PopularService.swift */; };
		5B8278181EBCA36300B9A98C /* GifTrackPersistItem.swift in Sources */ = {isa = PBXBuildFile; fileRef = 5B8278171EBCA36300B9A98C /* GifTrackPersistItem.swift */; };
		5B82781A1EBCA39500B9A98C /* PopulaGifTrack.swift in Sources */ = {isa = PBXBuildFile; fileRef = 5B8278191EBCA39500B9A98C /* PopulaGifTrack.swift */; };
		5BC085661EE2E0950072C2B4 /* SpotifyTokenService.swift in Sources */ = {isa = PBXBuildFile; fileRef = 5BC085651EE2E0950072C2B4 /* SpotifyTokenService.swift */; };
		5BC085681EE2E2080072C2B4 /* SpotifyToken.swift in Sources */ = {isa = PBXBuildFile; fileRef = 5BC085671EE2E2080072C2B4 /* SpotifyToken.swift */; };
		5BC0856A1EE2F9A70072C2B4 /* sad.png in Resources */ = {isa = PBXBuildFile; fileRef = 5BC085691EE2F9A70072C2B4 /* sad.png */; };
		5BC0856C1EE302D10072C2B4 /* giftv.png in Resources */ = {isa = PBXBuildFile; fileRef = 5BC0856B1EE302D10072C2B4 /* giftv.png */; };
		5BDDE76B1EB885730050DFDD /* TrackArtist.swift in Sources */ = {isa = PBXBuildFile; fileRef = 5BDDE76A1EB885730050DFDD /* TrackArtist.swift */; };
		5BF01FE91EAF45F600D976D7 /* UILabel.swift in Sources */ = {isa = PBXBuildFile; fileRef = 5BF01FE81EAF45F600D976D7 /* UILabel.swift */; };
		5BF01FED1EAF9E8800D976D7 /* UIImageView.swift in Sources */ = {isa = PBXBuildFile; fileRef = 5BF01FEC1EAF9E8800D976D7 /* UIImageView.swift */; };
		5BF01FF01EAFA10B00D976D7 /* PlayViewController.swift in Sources */ = {isa = PBXBuildFile; fileRef = 5BF01FEF1EAFA10B00D976D7 /* PlayViewController.swift */; };
		5BF01FF21EAFA11600D976D7 /* PlayReactor.swift in Sources */ = {isa = PBXBuildFile; fileRef = 5BF01FF11EAFA11600D976D7 /* PlayReactor.swift */; };
		5BF01FF41EAFA15500D976D7 /* Play.xib in Resources */ = {isa = PBXBuildFile; fileRef = 5BF01FF31EAFA15500D976D7 /* Play.xib */; };
		5BF1A30B1EB4EFDE007B84C4 /* Pagination.swift in Sources */ = {isa = PBXBuildFile; fileRef = 5BF1A30A1EB4EFDE007B84C4 /* Pagination.swift */; };
		5BF1A30E1EB4F0E5007B84C4 /* Range.swift in Sources */ = {isa = PBXBuildFile; fileRef = 5BF1A30D1EB4F0E5007B84C4 /* Range.swift */; };
		5BF1A3111EB4F602007B84C4 /* SpotifyService.swift in Sources */ = {isa = PBXBuildFile; fileRef = 5BF1A3101EB4F602007B84C4 /* SpotifyService.swift */; };
		5BF1A3141EB4F928007B84C4 /* TrackData.swift in Sources */ = {isa = PBXBuildFile; fileRef = 5BF1A3131EB4F928007B84C4 /* TrackData.swift */; };
		5BF1A3161EB4FA0A007B84C4 /* Track.swift in Sources */ = {isa = PBXBuildFile; fileRef = 5BF1A3151EB4FA0A007B84C4 /* Track.swift */; };
		5BF1A3181EB4FCE2007B84C4 /* GifTrackService.swift in Sources */ = {isa = PBXBuildFile; fileRef = 5BF1A3171EB4FCE2007B84C4 /* GifTrackService.swift */; };
		5BF1A31A1EB4FDA5007B84C4 /* GifTrackSaved.swift in Sources */ = {isa = PBXBuildFile; fileRef = 5BF1A3191EB4FDA5007B84C4 /* GifTrackSaved.swift */; };
		5BF1A31C1EB4FFC2007B84C4 /* GifSaved.swift in Sources */ = {isa = PBXBuildFile; fileRef = 5BF1A31B1EB4FFC2007B84C4 /* GifSaved.swift */; };
		5BF1A31E1EB50006007B84C4 /* TrackSaved.swift in Sources */ = {isa = PBXBuildFile; fileRef = 5BF1A31D1EB50006007B84C4 /* TrackSaved.swift */; };
		5BF1A3201EB50333007B84C4 /* TrackItem.swift in Sources */ = {isa = PBXBuildFile; fileRef = 5BF1A31F1EB50333007B84C4 /* TrackItem.swift */; };
		FFBA1E8F3B45309E6232924E /* Pods_GifTV.framework in Frameworks */ = {isa = PBXBuildFile; fileRef = CE992301BCA1808FAD2FE4D5 /* Pods_GifTV.framework */; };
/* End PBXBuildFile section */

/* Begin PBXFileReference section */
		5B1645F41EAB89400090A2D3 /* GifTV.app */ = {isa = PBXFileReference; explicitFileType = wrapper.application; includeInIndex = 0; path = GifTV.app; sourceTree = BUILT_PRODUCTS_DIR; };
		5B1645F71EAB89400090A2D3 /* AppDelegate.swift */ = {isa = PBXFileReference; lastKnownFileType = sourcecode.swift; path = AppDelegate.swift; sourceTree = "<group>"; };
		5B1645FF1EAB89400090A2D3 /* GifTV.xcdatamodel */ = {isa = PBXFileReference; lastKnownFileType = wrapper.xcdatamodel; path = GifTV.xcdatamodel; sourceTree = "<group>"; };
		5B1646011EAB89400090A2D3 /* Assets.xcassets */ = {isa = PBXFileReference; lastKnownFileType = folder.assetcatalog; path = Assets.xcassets; sourceTree = "<group>"; };
		5B1646041EAB89400090A2D3 /* Base */ = {isa = PBXFileReference; lastKnownFileType = file.storyboard; name = Base; path = Base.lproj/LaunchScreen.storyboard; sourceTree = "<group>"; };
		5B1646061EAB89400090A2D3 /* Info.plist */ = {isa = PBXFileReference; lastKnownFileType = text.plist.xml; path = Info.plist; sourceTree = "<group>"; };
		5B16460E1EAB8F500090A2D3 /* BaseViewController.swift */ = {isa = PBXFileReference; fileEncoding = 4; lastKnownFileType = sourcecode.swift; path = BaseViewController.swift; sourceTree = "<group>"; };
		5B1646111EAB91760090A2D3 /* BaseService.swift */ = {isa = PBXFileReference; fileEncoding = 4; lastKnownFileType = sourcecode.swift; path = BaseService.swift; sourceTree = "<group>"; };
		5B1646141EAB91E50090A2D3 /* ServiceProvider.swift */ = {isa = PBXFileReference; fileEncoding = 4; lastKnownFileType = sourcecode.swift; path = ServiceProvider.swift; sourceTree = "<group>"; };
		5B16461B1EAB97530090A2D3 /* CategoriesService.swift */ = {isa = PBXFileReference; fileEncoding = 4; lastKnownFileType = sourcecode.swift; path = CategoriesService.swift; sourceTree = "<group>"; };
		5B16461D1EAB97C30090A2D3 /* Category.swift */ = {isa = PBXFileReference; fileEncoding = 4; lastKnownFileType = sourcecode.swift; path = Category.swift; sourceTree = "<group>"; };
		5B1646201EAB9C320090A2D3 /* SelectCategoryViewController.swift */ = {isa = PBXFileReference; fileEncoding = 4; lastKnownFileType = sourcecode.swift; path = SelectCategoryViewController.swift; sourceTree = "<group>"; };
		5B1646221EAB9C490090A2D3 /* SelectCategoryReactor.swift */ = {isa = PBXFileReference; fileEncoding = 4; lastKnownFileType = sourcecode.swift; path = SelectCategoryReactor.swift; sourceTree = "<group>"; };
		5B1646261EAB9F1D0090A2D3 /* BaseReactor.swift */ = {isa = PBXFileReference; fileEncoding = 4; lastKnownFileType = sourcecode.swift; path = BaseReactor.swift; sourceTree = "<group>"; };
		5B1646291EABCBD90090A2D3 /* Colors.swift */ = {isa = PBXFileReference; fileEncoding = 4; lastKnownFileType = sourcecode.swift; path = Colors.swift; sourceTree = "<group>"; };
		5B16462B1EABCD610090A2D3 /* VT323.ttf */ = {isa = PBXFileReference; lastKnownFileType = file; path = VT323.ttf; sourceTree = "<group>"; };
		5B16462D1EABF9650090A2D3 /* SelectCategory.xib */ = {isa = PBXFileReference; fileEncoding = 4; lastKnownFileType = file.xib; path = SelectCategory.xib; sourceTree = "<group>"; };
		5B1646301EABFEA00090A2D3 /* RxViewController.swift */ = {isa = PBXFileReference; fileEncoding = 4; lastKnownFileType = sourcecode.swift; path = RxViewController.swift; sourceTree = "<group>"; };
		5B1646341EAC987A0090A2D3 /* SelectCategoryCell.xib */ = {isa = PBXFileReference; fileEncoding = 4; lastKnownFileType = file.xib; path = SelectCategoryCell.xib; sourceTree = "<group>"; };
		5B1646371EAC99DF0090A2D3 /* SelectCategoryCell.swift */ = {isa = PBXFileReference; fileEncoding = 4; lastKnownFileType = sourcecode.swift; path = SelectCategoryCell.swift; sourceTree = "<group>"; };
		5B1D9F651EAFF8E500A9ACE9 /* GiphyService.swift */ = {isa = PBXFileReference; fileEncoding = 4; lastKnownFileType = sourcecode.swift; path = GiphyService.swift; sourceTree = "<group>"; };
		5B1D9F681EAFFA8100A9ACE9 /* Gif.swift */ = {isa = PBXFileReference; fileEncoding = 4; lastKnownFileType = sourcecode.swift; path = Gif.swift; sourceTree = "<group>"; };
		5B1D9F6A1EAFFD2A00A9ACE9 /* GifImages.swift */ = {isa = PBXFileReference; fileEncoding = 4; lastKnownFileType = sourcecode.swift; path = GifImages.swift; sourceTree = "<group>"; };
		5B1D9F6D1EAFFDA000A9ACE9 /* GifUrlImage.swift */ = {isa = PBXFileReference; fileEncoding = 4; lastKnownFileType = sourcecode.swift; path = GifUrlImage.swift; sourceTree = "<group>"; };
		5B278A271EB207C30091EADD /* Alamofire.swift */ = {isa = PBXFileReference; fileEncoding = 4; lastKnownFileType = sourcecode.swift; path = Alamofire.swift; sourceTree = "<group>"; };
		5B278A291EB20A630091EADD /* GifData.swift */ = {isa = PBXFileReference; fileEncoding = 4; lastKnownFileType = sourcecode.swift; path = GifData.swift; sourceTree = "<group>"; };
		5B696F1E1EAD1A1B00F8D4D1 /* UIView.swift */ = {isa = PBXFileReference; fileEncoding = 4; lastKnownFileType = sourcecode.swift; path = UIView.swift; sourceTree = "<group>"; };
		5B6C8DA91EBDC81A0044AEDF /* PopularViewController.swift */ = {isa = PBXFileReference; fileEncoding = 4; lastKnownFileType = sourcecode.swift; path = PopularViewController.swift; sourceTree = "<group>"; };
		5B6C8DAB1EBDC8240044AEDF /* PopularReactor.swift */ = {isa = PBXFileReference; fileEncoding = 4; lastKnownFileType = sourcecode.swift; path = PopularReactor.swift; sourceTree = "<group>"; };
		5B6C8DAE1EBDC8C60044AEDF /* PopularGifTrackCell.swift */ = {isa = PBXFileReference; fileEncoding = 4; lastKnownFileType = sourcecode.swift; path = PopularGifTrackCell.swift; sourceTree = "<group>"; };
		5B6C8DB01EBDC9290044AEDF /* PopularCell.xib */ = {isa = PBXFileReference; fileEncoding = 4; lastKnownFileType = file.xib; path = PopularCell.xib; sourceTree = "<group>"; };
		5B6C8DB21EBDC9E00044AEDF /* Popular.xib */ = {isa = PBXFileReference; fileEncoding = 4; lastKnownFileType = file.xib; path = Popular.xib; sourceTree = "<group>"; };
		5B6C8DB81EBDE9270044AEDF /* confusedtravolta.gif */ = {isa = PBXFileReference; lastKnownFileType = image.gif; path = confusedtravolta.gif; sourceTree = "<group>"; };
		5B6C8DBA1EBDEC5F0044AEDF /* favorite.png */ = {isa = PBXFileReference; lastKnownFileType = image.png; path = favorite.png; sourceTree = "<group>"; };
		5B6C8DBB1EBDEC5F0044AEDF /* not_favorite.png */ = {isa = PBXFileReference; lastKnownFileType = image.png; path = not_favorite.png; sourceTree = "<group>"; };
		5B6C8DBE1EBDEF0E0044AEDF /* next.png */ = {isa = PBXFileReference; lastKnownFileType = image.png; path = next.png; sourceTree = "<group>"; };
		5B6EADA51EB73DC1003F2BA0 /* HistoryReactor.swift */ = {isa = PBXFileReference; fileEncoding = 4; lastKnownFileType = sourcecode.swift; path = HistoryReactor.swift; sourceTree = "<group>"; };
		5B6EADA71EB73DCE003F2BA0 /* HistoryViewController.swift */ = {isa = PBXFileReference; fileEncoding = 4; lastKnownFileType = sourcecode.swift; path = HistoryViewController.swift; sourceTree = "<group>"; };
		5B6EADAA1EB74200003F2BA0 /* HistoryGifTrack.swift */ = {isa = PBXFileReference; fileEncoding = 4; lastKnownFileType = sourcecode.swift; path = HistoryGifTrack.swift; sourceTree = "<group>"; };
		5B6EADAD1EB7454C003F2BA0 /* HistoryCell.xib */ = {isa = PBXFileReference; fileEncoding = 4; lastKnownFileType = file.xib; path = HistoryCell.xib; sourceTree = "<group>"; };
		5B6EADB11EB74939003F2BA0 /* History.xib */ = {isa = PBXFileReference; fileEncoding = 4; lastKnownFileType = file.xib; path = History.xib; sourceTree = "<group>"; };
		5B6EADB41EB74BE6003F2BA0 /* HistoryGifTrackCell.swift */ = {isa = PBXFileReference; fileEncoding = 4; lastKnownFileType = sourcecode.swift; path = HistoryGifTrackCell.swift; sourceTree = "<group>"; };
		5B6EADB71EB79E23003F2BA0 /* GifImageView.swift */ = {isa = PBXFileReference; fileEncoding = 4; lastKnownFileType = sourcecode.swift; path = GifImageView.swift; sourceTree = "<group>"; };
		5B6EADB91EB79F06003F2BA0 /* HistoryService.swift */ = {isa = PBXFileReference; fileEncoding = 4; lastKnownFileType = sourcecode.swift; path = HistoryService.swift; sourceTree = "<group>"; };
		5B6EADBB1EB7BF3B003F2BA0 /* DownloadService.swift */ = {isa = PBXFileReference; fileEncoding = 4; lastKnownFileType = sourcecode.swift; path = DownloadService.swift; sourceTree = "<group>"; };
		5B8278151EBCA2CD00B9A98C /* PopularService.swift */ = {isa = PBXFileReference; fileEncoding = 4; lastKnownFileType = sourcecode.swift; path = PopularService.swift; sourceTree = "<group>"; };
		5B8278171EBCA36300B9A98C /* GifTrackPersistItem.swift */ = {isa = PBXFileReference; fileEncoding = 4; lastKnownFileType = sourcecode.swift; path = GifTrackPersistItem.swift; sourceTree = "<group>"; };
		5B8278191EBCA39500B9A98C /* PopulaGifTrack.swift */ = {isa = PBXFileReference; fileEncoding = 4; lastKnownFileType = sourcecode.swift; path = PopulaGifTrack.swift; sourceTree = "<group>"; };
		5BC085651EE2E0950072C2B4 /* SpotifyTokenService.swift */ = {isa = PBXFileReference; fileEncoding = 4; lastKnownFileType = sourcecode.swift; path = SpotifyTokenService.swift; sourceTree = "<group>"; };
		5BC085671EE2E2080072C2B4 /* SpotifyToken.swift */ = {isa = PBXFileReference; fileEncoding = 4; lastKnownFileType = sourcecode.swift; path = SpotifyToken.swift; sourceTree = "<group>"; };
		5BC085691EE2F9A70072C2B4 /* sad.png */ = {isa = PBXFileReference; lastKnownFileType = image.png; path = sad.png; sourceTree = "<group>"; };
		5BC0856B1EE302D10072C2B4 /* giftv.png */ = {isa = PBXFileReference; lastKnownFileType = image.png; path = giftv.png; sourceTree = "<group>"; };
		5BDDE76A1EB885730050DFDD /* TrackArtist.swift */ = {isa = PBXFileReference; fileEncoding = 4; lastKnownFileType = sourcecode.swift; path = TrackArtist.swift; sourceTree = "<group>"; };
		5BF01FE81EAF45F600D976D7 /* UILabel.swift */ = {isa = PBXFileReference; fileEncoding = 4; lastKnownFileType = sourcecode.swift; path = UILabel.swift; sourceTree = "<group>"; };
		5BF01FEC1EAF9E8800D976D7 /* UIImageView.swift */ = {isa = PBXFileReference; fileEncoding = 4; lastKnownFileType = sourcecode.swift; path = UIImageView.swift; sourceTree = "<group>"; };
		5BF01FEF1EAFA10B00D976D7 /* PlayViewController.swift */ = {isa = PBXFileReference; fileEncoding = 4; lastKnownFileType = sourcecode.swift; path = PlayViewController.swift; sourceTree = "<group>"; };
		5BF01FF11EAFA11600D976D7 /* PlayReactor.swift */ = {isa = PBXFileReference; fileEncoding = 4; lastKnownFileType = sourcecode.swift; path = PlayReactor.swift; sourceTree = "<group>"; };
		5BF01FF31EAFA15500D976D7 /* Play.xib */ = {isa = PBXFileReference; fileEncoding = 4; lastKnownFileType = file.xib; path = Play.xib; sourceTree = "<group>"; };
		5BF1A30A1EB4EFDE007B84C4 /* Pagination.swift */ = {isa = PBXFileReference; fileEncoding = 4; lastKnownFileType = sourcecode.swift; path = Pagination.swift; sourceTree = "<group>"; };
		5BF1A30D1EB4F0E5007B84C4 /* Range.swift */ = {isa = PBXFileReference; fileEncoding = 4; lastKnownFileType = sourcecode.swift; path = Range.swift; sourceTree = "<group>"; };
		5BF1A3101EB4F602007B84C4 /* SpotifyService.swift */ = {isa = PBXFileReference; fileEncoding = 4; lastKnownFileType = sourcecode.swift; path = SpotifyService.swift; sourceTree = "<group>"; };
		5BF1A3131EB4F928007B84C4 /* TrackData.swift */ = {isa = PBXFileReference; fileEncoding = 4; lastKnownFileType = sourcecode.swift; path = TrackData.swift; sourceTree = "<group>"; };
		5BF1A3151EB4FA0A007B84C4 /* Track.swift */ = {isa = PBXFileReference; fileEncoding = 4; lastKnownFileType = sourcecode.swift; path = Track.swift; sourceTree = "<group>"; };
		5BF1A3171EB4FCE2007B84C4 /* GifTrackService.swift */ = {isa = PBXFileReference; fileEncoding = 4; lastKnownFileType = sourcecode.swift; path = GifTrackService.swift; sourceTree = "<group>"; };
		5BF1A3191EB4FDA5007B84C4 /* GifTrackSaved.swift */ = {isa = PBXFileReference; fileEncoding = 4; lastKnownFileType = sourcecode.swift; path = GifTrackSaved.swift; sourceTree = "<group>"; };
		5BF1A31B1EB4FFC2007B84C4 /* GifSaved.swift */ = {isa = PBXFileReference; fileEncoding = 4; lastKnownFileType = sourcecode.swift; path = GifSaved.swift; sourceTree = "<group>"; };
		5BF1A31D1EB50006007B84C4 /* TrackSaved.swift */ = {isa = PBXFileReference; fileEncoding = 4; lastKnownFileType = sourcecode.swift; path = TrackSaved.swift; sourceTree = "<group>"; };
		5BF1A31F1EB50333007B84C4 /* TrackItem.swift */ = {isa = PBXFileReference; fileEncoding = 4; lastKnownFileType = sourcecode.swift; path = TrackItem.swift; sourceTree = "<group>"; };
		944E238C34075599F060A49C /* Pods-GifTV.debug.xcconfig */ = {isa = PBXFileReference; includeInIndex = 1; lastKnownFileType = text.xcconfig; name = "Pods-GifTV.debug.xcconfig"; path = "Pods/Target Support Files/Pods-GifTV/Pods-GifTV.debug.xcconfig"; sourceTree = "<group>"; };
		ACF8DE6953AA6082AEC56E01 /* Pods-GifTV.release.xcconfig */ = {isa = PBXFileReference; includeInIndex = 1; lastKnownFileType = text.xcconfig; name = "Pods-GifTV.release.xcconfig"; path = "Pods/Target Support Files/Pods-GifTV/Pods-GifTV.release.xcconfig"; sourceTree = "<group>"; };
		CE992301BCA1808FAD2FE4D5 /* Pods_GifTV.framework */ = {isa = PBXFileReference; explicitFileType = wrapper.framework; includeInIndex = 0; path = Pods_GifTV.framework; sourceTree = BUILT_PRODUCTS_DIR; };
/* End PBXFileReference section */

/* Begin PBXFrameworksBuildPhase section */
		5B1645F11EAB89400090A2D3 /* Frameworks */ = {
			isa = PBXFrameworksBuildPhase;
			buildActionMask = 2147483647;
			files = (
				FFBA1E8F3B45309E6232924E /* Pods_GifTV.framework in Frameworks */,
			);
			runOnlyForDeploymentPostprocessing = 0;
		};
/* End PBXFrameworksBuildPhase section */

/* Begin PBXGroup section */
		4533C6C3CB506B186C379FB3 /* Pods */ = {
			isa = PBXGroup;
			children = (
				944E238C34075599F060A49C /* Pods-GifTV.debug.xcconfig */,
				ACF8DE6953AA6082AEC56E01 /* Pods-GifTV.release.xcconfig */,
			);
			name = Pods;
			sourceTree = "<group>";
		};
		5B1645EB1EAB89400090A2D3 = {
			isa = PBXGroup;
			children = (
				5B1645F61EAB89400090A2D3 /* GifTV */,
				5B1645F51EAB89400090A2D3 /* Products */,
				4533C6C3CB506B186C379FB3 /* Pods */,
				EF144D6A6B53DB9D0BDE8BC5 /* Frameworks */,
			);
			sourceTree = "<group>";
		};
		5B1645F51EAB89400090A2D3 /* Products */ = {
			isa = PBXGroup;
			children = (
				5B1645F41EAB89400090A2D3 /* GifTV.app */,
			);
			name = Products;
			sourceTree = "<group>";
		};
		5B1645F61EAB89400090A2D3 /* GifTV */ = {
			isa = PBXGroup;
			children = (
				5B1646191EAB96520090A2D3 /* data */,
				5B1646181EAB96410090A2D3 /* resources */,
				5B1646171EAB958A0090A2D3 /* support */,
				5B1646161EAB955D0090A2D3 /* src */,
			);
			path = GifTV;
			sourceTree = "<group>";
		};
		5B16460C1EAB8EE60090A2D3 /* model */ = {
			isa = PBXGroup;
			children = (
				5B6EADA91EB741B6003F2BA0 /* persistence */,
				5B1D9F671EAFFA7400A9ACE9 /* response */,
				5B16461D1EAB97C30090A2D3 /* Category.swift */,
				5BF1A3191EB4FDA5007B84C4 /* GifTrackSaved.swift */,
				5BF1A31B1EB4FFC2007B84C4 /* GifSaved.swift */,
				5BF1A31D1EB50006007B84C4 /* TrackSaved.swift */,
			);
			name = model;
			sourceTree = "<group>";
		};
		5B16460D1EAB8F280090A2D3 /* viewcontroller */ = {
			isa = PBXGroup;
			children = (
				5B6C8DA81EBDC8000044AEDF /* popular */,
				5B6EADA41EB73DAE003F2BA0 /* history */,
				5BF01FEE1EAFA0F200D976D7 /* play */,
				5B16461F1EAB9C0F0090A2D3 /* selectcategory */,
				5B16461A1EAB966C0090A2D3 /* base */,
			);
			name = viewcontroller;
			sourceTree = "<group>";
		};
		5B1646101EAB91670090A2D3 /* service */ = {
			isa = PBXGroup;
			children = (
				5B82781B1EBCA43C00B9A98C /* persistence */,
				5B1646131EAB91D10090A2D3 /* base */,
				5B16461B1EAB97530090A2D3 /* CategoriesService.swift */,
				5B1D9F651EAFF8E500A9ACE9 /* GiphyService.swift */,
				5BF1A3101EB4F602007B84C4 /* SpotifyService.swift */,
				5BF1A3171EB4FCE2007B84C4 /* GifTrackService.swift */,
				5B6EADB91EB79F06003F2BA0 /* HistoryService.swift */,
				5BC085651EE2E0950072C2B4 /* SpotifyTokenService.swift */,
			);
			name = service;
			sourceTree = "<group>";
		};
		5B1646131EAB91D10090A2D3 /* base */ = {
			isa = PBXGroup;
			children = (
				5B1646111EAB91760090A2D3 /* BaseService.swift */,
				5B1646141EAB91E50090A2D3 /* ServiceProvider.swift */,
			);
			name = base;
			sourceTree = "<group>";
		};
		5B1646161EAB955D0090A2D3 /* src */ = {
			isa = PBXGroup;
			children = (
				5B1646281EABCBCE0090A2D3 /* utils */,
				5B1646101EAB91670090A2D3 /* service */,
				5B16460D1EAB8F280090A2D3 /* viewcontroller */,
				5B16460C1EAB8EE60090A2D3 /* model */,
				5B1645F71EAB89400090A2D3 /* AppDelegate.swift */,
			);
			name = src;
			sourceTree = "<group>";
		};
		5B1646171EAB958A0090A2D3 /* support */ = {
			isa = PBXGroup;
			children = (
				5B1646061EAB89400090A2D3 /* Info.plist */,
			);
			name = support;
			sourceTree = "<group>";
		};
		5B1646181EAB96410090A2D3 /* resources */ = {
			isa = PBXGroup;
			children = (
				5B6EADB61EB799BD003F2BA0 /* assets */,
				5B6EADAC1EB74524003F2BA0 /* cell */,
				5B1646031EAB89400090A2D3 /* LaunchScreen.storyboard */,
				5B16462D1EABF9650090A2D3 /* SelectCategory.xib */,
				5BF01FF31EAFA15500D976D7 /* Play.xib */,
				5B6EADB11EB74939003F2BA0 /* History.xib */,
				5B6C8DB21EBDC9E00044AEDF /* Popular.xib */,
			);
			name = resources;
			sourceTree = "<group>";
		};
		5B1646191EAB96520090A2D3 /* data */ = {
			isa = PBXGroup;
			children = (
				5B1645FE1EAB89400090A2D3 /* GifTV.xcdatamodeld */,
			);
			name = data;
			sourceTree = "<group>";
		};
		5B16461A1EAB966C0090A2D3 /* base */ = {
			isa = PBXGroup;
			children = (
				5B16460E1EAB8F500090A2D3 /* BaseViewController.swift */,
				5B1646261EAB9F1D0090A2D3 /* BaseReactor.swift */,
			);
			name = base;
			sourceTree = "<group>";
		};
		5B16461F1EAB9C0F0090A2D3 /* selectcategory */ = {
			isa = PBXGroup;
			children = (
				5B1646361EAC99C20090A2D3 /* view */,
				5B1646201EAB9C320090A2D3 /* SelectCategoryViewController.swift */,
				5B1646221EAB9C490090A2D3 /* SelectCategoryReactor.swift */,
			);
			name = selectcategory;
			sourceTree = "<group>";
		};
		5B1646281EABCBCE0090A2D3 /* utils */ = {
			isa = PBXGroup;
			children = (
				5BF1A30C1EB4F0D9007B84C4 /* data */,
				5B278A261EB207B30091EADD /* network */,
				5B696F1D1EAD1A0A00F8D4D1 /* view */,
				5B16462F1EABFE890090A2D3 /* rx */,
				5B1646291EABCBD90090A2D3 /* Colors.swift */,
			);
			name = utils;
			sourceTree = "<group>";
		};
		5B16462F1EABFE890090A2D3 /* rx */ = {
			isa = PBXGroup;
			children = (
				5B1646301EABFEA00090A2D3 /* RxViewController.swift */,
			);
			name = rx;
			sourceTree = "<group>";
		};
		5B1646361EAC99C20090A2D3 /* view */ = {
			isa = PBXGroup;
			children = (
				5B1646371EAC99DF0090A2D3 /* SelectCategoryCell.swift */,
			);
			name = view;
			sourceTree = "<group>";
		};
		5B1D9F671EAFFA7400A9ACE9 /* response */ = {
			isa = PBXGroup;
			children = (
				5BF1A3121EB4F89D007B84C4 /* track */,
				5B1D9F6C1EAFFD8800A9ACE9 /* gif */,
				5BC085671EE2E2080072C2B4 /* SpotifyToken.swift */,
			);
			name = response;
			sourceTree = "<group>";
		};
		5B1D9F6C1EAFFD8800A9ACE9 /* gif */ = {
			isa = PBXGroup;
			children = (
				5B1D9F681EAFFA8100A9ACE9 /* Gif.swift */,
				5B1D9F6A1EAFFD2A00A9ACE9 /* GifImages.swift */,
				5B1D9F6D1EAFFDA000A9ACE9 /* GifUrlImage.swift */,
				5B278A291EB20A630091EADD /* GifData.swift */,
				5BF1A30A1EB4EFDE007B84C4 /* Pagination.swift */,
			);
			name = gif;
			sourceTree = "<group>";
		};
		5B278A261EB207B30091EADD /* network */ = {
			isa = PBXGroup;
			children = (
				5B278A271EB207C30091EADD /* Alamofire.swift */,
			);
			name = network;
			sourceTree = "<group>";
		};
		5B696F1D1EAD1A0A00F8D4D1 /* view */ = {
			isa = PBXGroup;
			children = (
				5BF289411EB2267E0030B12C /* extensions */,
			);
			name = view;
			sourceTree = "<group>";
		};
		5B6C8DA81EBDC8000044AEDF /* popular */ = {
			isa = PBXGroup;
			children = (
				5B6C8DAD1EBDC8800044AEDF /* view */,
				5B6C8DA91EBDC81A0044AEDF /* PopularViewController.swift */,
				5B6C8DAB1EBDC8240044AEDF /* PopularReactor.swift */,
			);
			name = popular;
			sourceTree = "<group>";
		};
		5B6C8DAD1EBDC8800044AEDF /* view */ = {
			isa = PBXGroup;
			children = (
				5B6C8DAE1EBDC8C60044AEDF /* PopularGifTrackCell.swift */,
			);
			name = view;
			sourceTree = "<group>";
		};
		5B6EADA41EB73DAE003F2BA0 /* history */ = {
			isa = PBXGroup;
			children = (
				5B6EADB31EB74BD0003F2BA0 /* view */,
				5B6EADA51EB73DC1003F2BA0 /* HistoryReactor.swift */,
				5B6EADA71EB73DCE003F2BA0 /* HistoryViewController.swift */,
			);
			name = history;
			sourceTree = "<group>";
		};
		5B6EADA91EB741B6003F2BA0 /* persistence */ = {
			isa = PBXGroup;
			children = (
				5B6EADAA1EB74200003F2BA0 /* HistoryGifTrack.swift */,
				5B8278171EBCA36300B9A98C /* GifTrackPersistItem.swift */,
				5B8278191EBCA39500B9A98C /* PopulaGifTrack.swift */,
			);
			name = persistence;
			sourceTree = "<group>";
		};
		5B6EADAC1EB74524003F2BA0 /* cell */ = {
			isa = PBXGroup;
			children = (
				5B1646341EAC987A0090A2D3 /* SelectCategoryCell.xib */,
				5B6EADAD1EB7454C003F2BA0 /* HistoryCell.xib */,
				5B6C8DB01EBDC9290044AEDF /* PopularCell.xib */,
			);
			name = cell;
			sourceTree = "<group>";
		};
		5B6EADB31EB74BD0003F2BA0 /* view */ = {
			isa = PBXGroup;
			children = (
				5B6EADB41EB74BE6003F2BA0 /* HistoryGifTrackCell.swift */,
			);
			name = view;
			sourceTree = "<group>";
		};
		5B6EADB61EB799BD003F2BA0 /* assets */ = {
			isa = PBXGroup;
			children = (
				5BC085691EE2F9A70072C2B4 /* sad.png */,
				5B6C8DBE1EBDEF0E0044AEDF /* next.png */,
				5B6C8DBA1EBDEC5F0044AEDF /* favorite.png */,
				5B6C8DBB1EBDEC5F0044AEDF /* not_favorite.png */,
				5B6C8DB81EBDE9270044AEDF /* confusedtravolta.gif */,
				5B16462B1EABCD610090A2D3 /* VT323.ttf */,
				5BC0856B1EE302D10072C2B4 /* giftv.png */,
				5B1646011EAB89400090A2D3 /* Assets.xcassets */,
			);
			name = assets;
			sourceTree = "<group>";
		};
		5B82781B1EBCA43C00B9A98C /* persistence */ = {
			isa = PBXGroup;
			children = (
				5B6EADBB1EB7BF3B003F2BA0 /* DownloadService.swift */,
				5B8278151EBCA2CD00B9A98C /* PopularService.swift */,
			);
			name = persistence;
			sourceTree = "<group>";
		};
		5BF01FEE1EAFA0F200D976D7 /* play */ = {
			isa = PBXGroup;
			children = (
				5BF01FEF1EAFA10B00D976D7 /* PlayViewController.swift */,
				5BF01FF11EAFA11600D976D7 /* PlayReactor.swift */,
			);
			name = play;
			sourceTree = "<group>";
		};
		5BF1A30C1EB4F0D9007B84C4 /* data */ = {
			isa = PBXGroup;
			children = (
				5BF1A30D1EB4F0E5007B84C4 /* Range.swift */,
			);
			name = data;
			sourceTree = "<group>";
		};
		5BF1A3121EB4F89D007B84C4 /* track */ = {
			isa = PBXGroup;
			children = (
				5BF1A3131EB4F928007B84C4 /* TrackData.swift */,
				5BF1A3151EB4FA0A007B84C4 /* Track.swift */,
				5BF1A31F1EB50333007B84C4 /* TrackItem.swift */,
				5BDDE76A1EB885730050DFDD /* TrackArtist.swift */,
			);
			name = track;
			sourceTree = "<group>";
		};
		5BF289411EB2267E0030B12C /* extensions */ = {
			isa = PBXGroup;
			children = (
				5B696F1E1EAD1A1B00F8D4D1 /* UIView.swift */,
				5BF01FE81EAF45F600D976D7 /* UILabel.swift */,
				5BF01FEC1EAF9E8800D976D7 /* UIImageView.swift */,
				5B6EADB71EB79E23003F2BA0 /* GifImageView.swift */,
			);
			name = extensions;
			sourceTree = "<group>";
		};
		EF144D6A6B53DB9D0BDE8BC5 /* Frameworks */ = {
			isa = PBXGroup;
			children = (
				CE992301BCA1808FAD2FE4D5 /* Pods_GifTV.framework */,
			);
			name = Frameworks;
			sourceTree = "<group>";
		};
/* End PBXGroup section */

/* Begin PBXNativeTarget section */
		5B1645F31EAB89400090A2D3 /* GifTV */ = {
			isa = PBXNativeTarget;
			buildConfigurationList = 5B1646091EAB89400090A2D3 /* Build configuration list for PBXNativeTarget "GifTV" */;
			buildPhases = (
				3F0FB767B44554BB8123133B /* [CP] Check Pods Manifest.lock */,
				5B1645F01EAB89400090A2D3 /* Sources */,
				5B1645F11EAB89400090A2D3 /* Frameworks */,
				5B1645F21EAB89400090A2D3 /* Resources */,
				865085739EB0F8A6694BA39C /* [CP] Embed Pods Frameworks */,
				C428529472D3599280054B94 /* [CP] Copy Pods Resources */,
			);
			buildRules = (
			);
			dependencies = (
			);
			name = GifTV;
			productName = GifTV;
			productReference = 5B1645F41EAB89400090A2D3 /* GifTV.app */;
			productType = "com.apple.product-type.application";
		};
/* End PBXNativeTarget section */

/* Begin PBXProject section */
		5B1645EC1EAB89400090A2D3 /* Project object */ = {
			isa = PBXProject;
			attributes = {
				LastSwiftUpdateCheck = 0830;
				LastUpgradeCheck = 0830;
				ORGANIZATIONNAME = "Martin Sumera";
				TargetAttributes = {
					5B1645F31EAB89400090A2D3 = {
						CreatedOnToolsVersion = 8.3.2;
						ProvisioningStyle = Automatic;
					};
				};
			};
			buildConfigurationList = 5B1645EF1EAB89400090A2D3 /* Build configuration list for PBXProject "GifTV" */;
			compatibilityVersion = "Xcode 3.2";
			developmentRegion = English;
			hasScannedForEncodings = 0;
			knownRegions = (
				en,
				Base,
			);
			mainGroup = 5B1645EB1EAB89400090A2D3;
			productRefGroup = 5B1645F51EAB89400090A2D3 /* Products */;
			projectDirPath = "";
			projectRoot = "";
			targets = (
				5B1645F31EAB89400090A2D3 /* GifTV */,
			);
		};
/* End PBXProject section */

/* Begin PBXResourcesBuildPhase section */
		5B1645F21EAB89400090A2D3 /* Resources */ = {
			isa = PBXResourcesBuildPhase;
			buildActionMask = 2147483647;
			files = (
				5B6C8DBF1EBDEF0E0044AEDF /* next.png in Resources */,
				5B6C8DBD1EBDEC5F0044AEDF /* not_favorite.png in Resources */,
				5B6C8DB11EBDC9290044AEDF /* PopularCell.xib in Resources */,
				5B1646051EAB89400090A2D3 /* LaunchScreen.storyboard in Resources */,
				5B6EADAE1EB7454C003F2BA0 /* HistoryCell.xib in Resources */,
				5B6C8DB31EBDC9E00044AEDF /* Popular.xib in Resources */,
				5BF01FF41EAFA15500D976D7 /* Play.xib in Resources */,
				5B1646021EAB89400090A2D3 /* Assets.xcassets in Resources */,
				5B16462C1EABCD610090A2D3 /* VT323.ttf in Resources */,
				5B6C8DBC1EBDEC5F0044AEDF /* favorite.png in Resources */,
				5B1646351EAC987A0090A2D3 /* SelectCategoryCell.xib in Resources */,
				5B6EADB21EB74939003F2BA0 /* History.xib in Resources */,
				5BC0856A1EE2F9A70072C2B4 /* sad.png in Resources */,
				5B6C8DB91EBDE9270044AEDF /* confusedtravolta.gif in Resources */,
				5B16462E1EABF9650090A2D3 /* SelectCategory.xib in Resources */,
				5BC0856C1EE302D10072C2B4 /* giftv.png in Resources */,
			);
			runOnlyForDeploymentPostprocessing = 0;
		};
/* End PBXResourcesBuildPhase section */

/* Begin PBXShellScriptBuildPhase section */
		3F0FB767B44554BB8123133B /* [CP] Check Pods Manifest.lock */ = {
			isa = PBXShellScriptBuildPhase;
			buildActionMask = 2147483647;
			files = (
			);
			inputPaths = (
			);
			name = "[CP] Check Pods Manifest.lock";
			outputPaths = (
			);
			runOnlyForDeploymentPostprocessing = 0;
			shellPath = /bin/sh;
			shellScript = "diff \"${PODS_PODFILE_DIR_PATH}/Podfile.lock\" \"${PODS_ROOT}/Manifest.lock\" > /dev/null\nif [ $? != 0 ] ; then\n    # print error to STDERR\n    echo \"error: The sandbox is not in sync with the Podfile.lock. Run 'pod install' or update your CocoaPods installation.\" >&2\n    exit 1\nfi\n";
			showEnvVarsInLog = 0;
		};
		865085739EB0F8A6694BA39C /* [CP] Embed Pods Frameworks */ = {
			isa = PBXShellScriptBuildPhase;
			buildActionMask = 2147483647;
			files = (
			);
			inputPaths = (
			);
			name = "[CP] Embed Pods Frameworks";
			outputPaths = (
			);
			runOnlyForDeploymentPostprocessing = 0;
			shellPath = /bin/sh;
			shellScript = "\"${SRCROOT}/Pods/Target Support Files/Pods-GifTV/Pods-GifTV-frameworks.sh\"\n";
			showEnvVarsInLog = 0;
		};
		C428529472D3599280054B94 /* [CP] Copy Pods Resources */ = {
			isa = PBXShellScriptBuildPhase;
			buildActionMask = 2147483647;
			files = (
			);
			inputPaths = (
			);
			name = "[CP] Copy Pods Resources";
			outputPaths = (
			);
			runOnlyForDeploymentPostprocessing = 0;
			shellPath = /bin/sh;
			shellScript = "\"${SRCROOT}/Pods/Target Support Files/Pods-GifTV/Pods-GifTV-resources.sh\"\n";
			showEnvVarsInLog = 0;
		};
/* End PBXShellScriptBuildPhase section */

/* Begin PBXSourcesBuildPhase section */
		5B1645F01EAB89400090A2D3 /* Sources */ = {
			isa = PBXSourcesBuildPhase;
			buildActionMask = 2147483647;
			files = (
				5B278A281EB207C30091EADD /* Alamofire.swift in Sources */,
				5B1646211EAB9C320090A2D3 /* SelectCategoryViewController.swift in Sources */,
				5B6C8DAF1EBDC8C60044AEDF /* PopularGifTrackCell.swift in Sources */,
				5B6EADBA1EB79F06003F2BA0 /* HistoryService.swift in Sources */,
				5BF1A31A1EB4FDA5007B84C4 /* GifTrackSaved.swift in Sources */,
				5B6EADB51EB74BE6003F2BA0 /* HistoryGifTrackCell.swift in Sources */,
				5B1646381EAC99DF0090A2D3 /* SelectCategoryCell.swift in Sources */,
				5BF01FF21EAFA11600D976D7 /* PlayReactor.swift in Sources */,
				5B16462A1EABCBD90090A2D3 /* Colors.swift in Sources */,
				5B1646151EAB91E50090A2D3 /* ServiceProvider.swift in Sources */,
				5B1D9F6E1EAFFDA000A9ACE9 /* GifUrlImage.swift in Sources */,
				5B1D9F661EAFF8E500A9ACE9 /* GiphyService.swift in Sources */,
				5B16461C1EAB97530090A2D3 /* CategoriesService.swift in Sources */,
				5BF01FE91EAF45F600D976D7 /* UILabel.swift in Sources */,
				5B6EADB81EB79E23003F2BA0 /* GifImageView.swift in Sources */,
				5B6C8DAA1EBDC81A0044AEDF /* PopularViewController.swift in Sources */,
				5BC085681EE2E2080072C2B4 /* SpotifyToken.swift in Sources */,
				5B16460F1EAB8F500090A2D3 /* BaseViewController.swift in Sources */,
				5B1646001EAB89400090A2D3 /* GifTV.xcdatamodeld in Sources */,
				5B8278181EBCA36300B9A98C /* GifTrackPersistItem.swift in Sources */,
				5BF1A30B1EB4EFDE007B84C4 /* Pagination.swift in Sources */,
				5B1646231EAB9C490090A2D3 /* SelectCategoryReactor.swift in Sources */,
				5B6EADA81EB73DCE003F2BA0 /* HistoryViewController.swift in Sources */,
				5BC085661EE2E0950072C2B4 /* SpotifyTokenService.swift in Sources */,
				5B1646121EAB91760090A2D3 /* BaseService.swift in Sources */,
				5BF1A30E1EB4F0E5007B84C4 /* Range.swift in Sources */,
				5B82781A1EBCA39500B9A98C /* PopulaGifTrack.swift in Sources */,
				5BF1A3111EB4F602007B84C4 /* SpotifyService.swift in Sources */,
				5BDDE76B1EB885730050DFDD /* TrackArtist.swift in Sources */,
				5BF1A31C1EB4FFC2007B84C4 /* GifSaved.swift in Sources */,
				5BF1A3141EB4F928007B84C4 /* TrackData.swift in Sources */,
				5B8278161EBCA2CD00B9A98C /* PopularService.swift in Sources */,
				5BF1A3201EB50333007B84C4 /* TrackItem.swift in Sources */,
				5B6C8DAC1EBDC8240044AEDF /* PopularReactor.swift in Sources */,
				5BF01FF01EAFA10B00D976D7 /* PlayViewController.swift in Sources */,
				5B696F1F1EAD1A1B00F8D4D1 /* UIView.swift in Sources */,
				5B6EADBC1EB7BF3B003F2BA0 /* DownloadService.swift in Sources */,
				5BF1A3181EB4FCE2007B84C4 /* GifTrackService.swift in Sources */,
				5B6EADAB1EB74200003F2BA0 /* HistoryGifTrack.swift in Sources */,
				5B278A2A1EB20A630091EADD /* GifData.swift in Sources */,
				5B1D9F691EAFFA8100A9ACE9 /* Gif.swift in Sources */,
				5B6EADA61EB73DC1003F2BA0 /* HistoryReactor.swift in Sources */,
				5B1646271EAB9F1D0090A2D3 /* BaseReactor.swift in Sources */,
				5B1645F81EAB89400090A2D3 /* AppDelegate.swift in Sources */,
				5B1D9F6B1EAFFD2A00A9ACE9 /* GifImages.swift in Sources */,
				5BF1A31E1EB50006007B84C4 /* TrackSaved.swift in Sources */,
				5BF01FED1EAF9E8800D976D7 /* UIImageView.swift in Sources */,
				5BF1A3161EB4FA0A007B84C4 /* Track.swift in Sources */,
				5B1646311EABFEA00090A2D3 /* RxViewController.swift in Sources */,
				5B16461E1EAB97C30090A2D3 /* Category.swift in Sources */,
			);
			runOnlyForDeploymentPostprocessing = 0;
		};
/* End PBXSourcesBuildPhase section */

/* Begin PBXVariantGroup section */
		5B1646031EAB89400090A2D3 /* LaunchScreen.storyboard */ = {
			isa = PBXVariantGroup;
			children = (
				5B1646041EAB89400090A2D3 /* Base */,
			);
			name = LaunchScreen.storyboard;
			sourceTree = "<group>";
		};
/* End PBXVariantGroup section */

/* Begin XCBuildConfiguration section */
		5B1646071EAB89400090A2D3 /* Debug */ = {
			isa = XCBuildConfiguration;
			buildSettings = {
				ALWAYS_SEARCH_USER_PATHS = NO;
				CLANG_ANALYZER_NONNULL = YES;
				CLANG_ANALYZER_NUMBER_OBJECT_CONVERSION = YES_AGGRESSIVE;
				CLANG_CXX_LANGUAGE_STANDARD = "gnu++0x";
				CLANG_CXX_LIBRARY = "libc++";
				CLANG_ENABLE_MODULES = YES;
				CLANG_ENABLE_OBJC_ARC = YES;
				CLANG_WARN_BOOL_CONVERSION = YES;
				CLANG_WARN_CONSTANT_CONVERSION = YES;
				CLANG_WARN_DIRECT_OBJC_ISA_USAGE = YES_ERROR;
				CLANG_WARN_DOCUMENTATION_COMMENTS = YES;
				CLANG_WARN_EMPTY_BODY = YES;
				CLANG_WARN_ENUM_CONVERSION = YES;
				CLANG_WARN_INFINITE_RECURSION = YES;
				CLANG_WARN_INT_CONVERSION = YES;
				CLANG_WARN_OBJC_ROOT_CLASS = YES_ERROR;
				CLANG_WARN_SUSPICIOUS_MOVE = YES;
				CLANG_WARN_UNREACHABLE_CODE = YES;
				CLANG_WARN__DUPLICATE_METHOD_MATCH = YES;
				"CODE_SIGN_IDENTITY[sdk=iphoneos*]" = "iPhone Developer";
				COPY_PHASE_STRIP = NO;
				DEBUG_INFORMATION_FORMAT = dwarf;
				ENABLE_STRICT_OBJC_MSGSEND = YES;
				ENABLE_TESTABILITY = YES;
				GCC_C_LANGUAGE_STANDARD = gnu99;
				GCC_DYNAMIC_NO_PIC = NO;
				GCC_NO_COMMON_BLOCKS = YES;
				GCC_OPTIMIZATION_LEVEL = 0;
				GCC_PREPROCESSOR_DEFINITIONS = (
					"DEBUG=1",
					"$(inherited)",
				);
				GCC_WARN_64_TO_32_BIT_CONVERSION = YES;
				GCC_WARN_ABOUT_RETURN_TYPE = YES_ERROR;
				GCC_WARN_UNDECLARED_SELECTOR = YES;
				GCC_WARN_UNINITIALIZED_AUTOS = YES_AGGRESSIVE;
				GCC_WARN_UNUSED_FUNCTION = YES;
				GCC_WARN_UNUSED_VARIABLE = YES;
				IPHONEOS_DEPLOYMENT_TARGET = 10.3;
				MTL_ENABLE_DEBUG_INFO = YES;
				ONLY_ACTIVE_ARCH = YES;
				SDKROOT = iphoneos;
				SWIFT_ACTIVE_COMPILATION_CONDITIONS = DEBUG;
				SWIFT_OPTIMIZATION_LEVEL = "-Onone";
			};
			name = Debug;
		};
		5B1646081EAB89400090A2D3 /* Release */ = {
			isa = XCBuildConfiguration;
			buildSettings = {
				ALWAYS_SEARCH_USER_PATHS = NO;
				CLANG_ANALYZER_NONNULL = YES;
				CLANG_ANALYZER_NUMBER_OBJECT_CONVERSION = YES_AGGRESSIVE;
				CLANG_CXX_LANGUAGE_STANDARD = "gnu++0x";
				CLANG_CXX_LIBRARY = "libc++";
				CLANG_ENABLE_MODULES = YES;
				CLANG_ENABLE_OBJC_ARC = YES;
				CLANG_WARN_BOOL_CONVERSION = YES;
				CLANG_WARN_CONSTANT_CONVERSION = YES;
				CLANG_WARN_DIRECT_OBJC_ISA_USAGE = YES_ERROR;
				CLANG_WARN_DOCUMENTATION_COMMENTS = YES;
				CLANG_WARN_EMPTY_BODY = YES;
				CLANG_WARN_ENUM_CONVERSION = YES;
				CLANG_WARN_INFINITE_RECURSION = YES;
				CLANG_WARN_INT_CONVERSION = YES;
				CLANG_WARN_OBJC_ROOT_CLASS = YES_ERROR;
				CLANG_WARN_SUSPICIOUS_MOVE = YES;
				CLANG_WARN_UNREACHABLE_CODE = YES;
				CLANG_WARN__DUPLICATE_METHOD_MATCH = YES;
				"CODE_SIGN_IDENTITY[sdk=iphoneos*]" = "iPhone Developer";
				COPY_PHASE_STRIP = NO;
				DEBUG_INFORMATION_FORMAT = "dwarf-with-dsym";
				ENABLE_NS_ASSERTIONS = NO;
				ENABLE_STRICT_OBJC_MSGSEND = YES;
				GCC_C_LANGUAGE_STANDARD = gnu99;
				GCC_NO_COMMON_BLOCKS = YES;
				GCC_WARN_64_TO_32_BIT_CONVERSION = YES;
				GCC_WARN_ABOUT_RETURN_TYPE = YES_ERROR;
				GCC_WARN_UNDECLARED_SELECTOR = YES;
				GCC_WARN_UNINITIALIZED_AUTOS = YES_AGGRESSIVE;
				GCC_WARN_UNUSED_FUNCTION = YES;
				GCC_WARN_UNUSED_VARIABLE = YES;
				IPHONEOS_DEPLOYMENT_TARGET = 10.3;
				MTL_ENABLE_DEBUG_INFO = NO;
				SDKROOT = iphoneos;
				SWIFT_OPTIMIZATION_LEVEL = "-Owholemodule";
				VALIDATE_PRODUCT = YES;
			};
			name = Release;
		};
		5B16460A1EAB89400090A2D3 /* Debug */ = {
			isa = XCBuildConfiguration;
			baseConfigurationReference = 944E238C34075599F060A49C /* Pods-GifTV.debug.xcconfig */;
			buildSettings = {
				ASSETCATALOG_COMPILER_APPICON_NAME = AppIcon;
				INFOPLIST_FILE = GifTV/Info.plist;
				LD_RUNPATH_SEARCH_PATHS = "$(inherited) @executable_path/Frameworks";
				PRODUCT_BUNDLE_IDENTIFIER = com.pv239.sumera.GifTV;
				PRODUCT_NAME = "$(TARGET_NAME)";
				SWIFT_VERSION = 3.0;
			};
			name = Debug;
		};
		5B16460B1EAB89400090A2D3 /* Release */ = {
			isa = XCBuildConfiguration;
			baseConfigurationReference = ACF8DE6953AA6082AEC56E01 /* Pods-GifTV.release.xcconfig */;
			buildSettings = {
				ASSETCATALOG_COMPILER_APPICON_NAME = AppIcon;
				INFOPLIST_FILE = GifTV/Info.plist;
				LD_RUNPATH_SEARCH_PATHS = "$(inherited) @executable_path/Frameworks";
				PRODUCT_BUNDLE_IDENTIFIER = com.pv239.sumera.GifTV;
				PRODUCT_NAME = "$(TARGET_NAME)";
				SWIFT_VERSION = 3.0;
			};
			name = Release;
		};
/* End XCBuildConfiguration section */

/* Begin XCConfigurationList section */
		5B1645EF1EAB89400090A2D3 /* Build configuration list for PBXProject "GifTV" */ = {
			isa = XCConfigurationList;
			buildConfigurations = (
				5B1646071EAB89400090A2D3 /* Debug */,
				5B1646081EAB89400090A2D3 /* Release */,
			);
			defaultConfigurationIsVisible = 0;
			defaultConfigurationName = Release;
		};
		5B1646091EAB89400090A2D3 /* Build configuration list for PBXNativeTarget "GifTV" */ = {
			isa = XCConfigurationList;
			buildConfigurations = (
				5B16460A1EAB89400090A2D3 /* Debug */,
				5B16460B1EAB89400090A2D3 /* Release */,
			);
			defaultConfigurationIsVisible = 0;
			defaultConfigurationName = Release;
		};
/* End XCConfigurationList section */

/* Begin XCVersionGroup section */
		5B1645FE1EAB89400090A2D3 /* GifTV.xcdatamodeld */ = {
			isa = XCVersionGroup;
			children = (
				5B1645FF1EAB89400090A2D3 /* GifTV.xcdatamodel */,
			);
			currentVersion = 5B1645FF1EAB89400090A2D3 /* GifTV.xcdatamodel */;
			path = GifTV.xcdatamodeld;
			sourceTree = "<group>";
			versionGroupType = wrapper.xcdatamodel;
		};
/* End XCVersionGroup section */
	};
	rootObject = 5B1645EC1EAB89400090A2D3 /* Project object */;
}
